// !$*UTF8*$!
{
	archiveVersion = 1;
	classes = {
	};
	objectVersion = 50;
	objects = {

/* Begin PBXBuildFile section */
		66B098C720F76EEA00C2058A /* AppDelegate.swift in Sources */ = {isa = PBXBuildFile; fileRef = 66B098C620F76EEA00C2058A /* AppDelegate.swift */; };
		66B098C920F76EEA00C2058A /* ViewController.swift in Sources */ = {isa = PBXBuildFile; fileRef = 66B098C820F76EEA00C2058A /* ViewController.swift */; };
		66B098CC20F76EEA00C2058A /* Main.storyboard in Resources */ = {isa = PBXBuildFile; fileRef = 66B098CA20F76EEA00C2058A /* Main.storyboard */; };
		66B098CF20F76EEA00C2058A /* BridgeMC2_MC3.xcdatamodeld in Sources */ = {isa = PBXBuildFile; fileRef = 66B098CD20F76EEA00C2058A /* BridgeMC2_MC3.xcdatamodeld */; };
		66B098D120F76EEB00C2058A /* Assets.xcassets in Resources */ = {isa = PBXBuildFile; fileRef = 66B098D020F76EEB00C2058A /* Assets.xcassets */; };
		66B098D420F76EEB00C2058A /* LaunchScreen.storyboard in Resources */ = {isa = PBXBuildFile; fileRef = 66B098D220F76EEB00C2058A /* LaunchScreen.storyboard */; };
		66B098DF20F76EEB00C2058A /* BridgeMC2_MC3Tests.swift in Sources */ = {isa = PBXBuildFile; fileRef = 66B098DE20F76EEB00C2058A /* BridgeMC2_MC3Tests.swift */; };
		66B098EA20F76EEB00C2058A /* BridgeMC2_MC3UITests.swift in Sources */ = {isa = PBXBuildFile; fileRef = 66B098E920F76EEB00C2058A /* BridgeMC2_MC3UITests.swift */; };
/* End PBXBuildFile section */

/* Begin PBXContainerItemProxy section */
		66B098DB20F76EEB00C2058A /* PBXContainerItemProxy */ = {
			isa = PBXContainerItemProxy;
			containerPortal = 66B098BB20F76EEA00C2058A /* Project object */;
			proxyType = 1;
			remoteGlobalIDString = 66B098C220F76EEA00C2058A;
			remoteInfo = "BridgeMC2-MC3";
		};
		66B098E620F76EEB00C2058A /* PBXContainerItemProxy */ = {
			isa = PBXContainerItemProxy;
			containerPortal = 66B098BB20F76EEA00C2058A /* Project object */;
			proxyType = 1;
			remoteGlobalIDString = 66B098C220F76EEA00C2058A;
			remoteInfo = "BridgeMC2-MC3";
		};
/* End PBXContainerItemProxy section */

/* Begin PBXFileReference section */
		66B098C320F76EEA00C2058A /* BridgeMC2-MC3.app */ = {isa = PBXFileReference; explicitFileType = wrapper.application; includeInIndex = 0; path = "BridgeMC2-MC3.app"; sourceTree = BUILT_PRODUCTS_DIR; };
		66B098C620F76EEA00C2058A /* AppDelegate.swift */ = {isa = PBXFileReference; lastKnownFileType = sourcecode.swift; path = AppDelegate.swift; sourceTree = "<group>"; };
		66B098C820F76EEA00C2058A /* ViewController.swift */ = {isa = PBXFileReference; lastKnownFileType = sourcecode.swift; path = ViewController.swift; sourceTree = "<group>"; };
		66B098CB20F76EEA00C2058A /* Base */ = {isa = PBXFileReference; lastKnownFileType = file.storyboard; name = Base; path = Base.lproj/Main.storyboard; sourceTree = "<group>"; };
		66B098CE20F76EEA00C2058A /* BridgeMC2_MC3.xcdatamodel */ = {isa = PBXFileReference; lastKnownFileType = wrapper.xcdatamodel; path = BridgeMC2_MC3.xcdatamodel; sourceTree = "<group>"; };
		66B098D020F76EEB00C2058A /* Assets.xcassets */ = {isa = PBXFileReference; lastKnownFileType = folder.assetcatalog; path = Assets.xcassets; sourceTree = "<group>"; };
		66B098D320F76EEB00C2058A /* Base */ = {isa = PBXFileReference; lastKnownFileType = file.storyboard; name = Base; path = Base.lproj/LaunchScreen.storyboard; sourceTree = "<group>"; };
		66B098D520F76EEB00C2058A /* Info.plist */ = {isa = PBXFileReference; lastKnownFileType = text.plist.xml; path = Info.plist; sourceTree = "<group>"; };
		66B098DA20F76EEB00C2058A /* BridgeMC2-MC3Tests.xctest */ = {isa = PBXFileReference; explicitFileType = wrapper.cfbundle; includeInIndex = 0; path = "BridgeMC2-MC3Tests.xctest"; sourceTree = BUILT_PRODUCTS_DIR; };
		66B098DE20F76EEB00C2058A /* BridgeMC2_MC3Tests.swift */ = {isa = PBXFileReference; lastKnownFileType = sourcecode.swift; path = BridgeMC2_MC3Tests.swift; sourceTree = "<group>"; };
		66B098E020F76EEB00C2058A /* Info.plist */ = {isa = PBXFileReference; lastKnownFileType = text.plist.xml; path = Info.plist; sourceTree = "<group>"; };
		66B098E520F76EEB00C2058A /* BridgeMC2-MC3UITests.xctest */ = {isa = PBXFileReference; explicitFileType = wrapper.cfbundle; includeInIndex = 0; path = "BridgeMC2-MC3UITests.xctest"; sourceTree = BUILT_PRODUCTS_DIR; };
		66B098E920F76EEB00C2058A /* BridgeMC2_MC3UITests.swift */ = {isa = PBXFileReference; lastKnownFileType = sourcecode.swift; path = BridgeMC2_MC3UITests.swift; sourceTree = "<group>"; };
		66B098EB20F76EEB00C2058A /* Info.plist */ = {isa = PBXFileReference; lastKnownFileType = text.plist.xml; path = Info.plist; sourceTree = "<group>"; };
/* End PBXFileReference section */

/* Begin PBXFrameworksBuildPhase section */
		66B098C020F76EEA00C2058A /* Frameworks */ = {
			isa = PBXFrameworksBuildPhase;
			buildActionMask = 2147483647;
			files = (
			);
			runOnlyForDeploymentPostprocessing = 0;
		};
		66B098D720F76EEB00C2058A /* Frameworks */ = {
			isa = PBXFrameworksBuildPhase;
			buildActionMask = 2147483647;
			files = (
			);
			runOnlyForDeploymentPostprocessing = 0;
		};
		66B098E220F76EEB00C2058A /* Frameworks */ = {
			isa = PBXFrameworksBuildPhase;
			buildActionMask = 2147483647;
			files = (
			);
			runOnlyForDeploymentPostprocessing = 0;
		};
/* End PBXFrameworksBuildPhase section */

/* Begin PBXGroup section */
		66B098BA20F76EEA00C2058A = {
			isa = PBXGroup;
			children = (
				66B098C520F76EEA00C2058A /* BridgeMC2-MC3 */,
				66B098DD20F76EEB00C2058A /* BridgeMC2-MC3Tests */,
				66B098E820F76EEB00C2058A /* BridgeMC2-MC3UITests */,
				66B098C420F76EEA00C2058A /* Products */,
			);
			sourceTree = "<group>";
		};
		66B098C420F76EEA00C2058A /* Products */ = {
			isa = PBXGroup;
			children = (
				66B098C320F76EEA00C2058A /* BridgeMC2-MC3.app */,
				66B098DA20F76EEB00C2058A /* BridgeMC2-MC3Tests.xctest */,
				66B098E520F76EEB00C2058A /* BridgeMC2-MC3UITests.xctest */,
			);
			name = Products;
			sourceTree = "<group>";
		};
		66B098C520F76EEA00C2058A /* BridgeMC2-MC3 */ = {
			isa = PBXGroup;
			children = (
				66B098C620F76EEA00C2058A /* AppDelegate.swift */,
				66B098C820F76EEA00C2058A /* ViewController.swift */,
				66B098CA20F76EEA00C2058A /* Main.storyboard */,
				66B098D020F76EEB00C2058A /* Assets.xcassets */,
				66B098D220F76EEB00C2058A /* LaunchScreen.storyboard */,
				66B098D520F76EEB00C2058A /* Info.plist */,
				66B098CD20F76EEA00C2058A /* BridgeMC2_MC3.xcdatamodeld */,
			);
			path = "BridgeMC2-MC3";
			sourceTree = "<group>";
		};
		66B098DD20F76EEB00C2058A /* BridgeMC2-MC3Tests */ = {
			isa = PBXGroup;
			children = (
				66B098DE20F76EEB00C2058A /* BridgeMC2_MC3Tests.swift */,
				66B098E020F76EEB00C2058A /* Info.plist */,
			);
			path = "BridgeMC2-MC3Tests";
			sourceTree = "<group>";
		};
		66B098E820F76EEB00C2058A /* BridgeMC2-MC3UITests */ = {
			isa = PBXGroup;
			children = (
				66B098E920F76EEB00C2058A /* BridgeMC2_MC3UITests.swift */,
				66B098EB20F76EEB00C2058A /* Info.plist */,
			);
			path = "BridgeMC2-MC3UITests";
			sourceTree = "<group>";
		};
/* End PBXGroup section */

/* Begin PBXNativeTarget section */
		66B098C220F76EEA00C2058A /* BridgeMC2-MC3 */ = {
			isa = PBXNativeTarget;
			buildConfigurationList = 66B098EE20F76EEB00C2058A /* Build configuration list for PBXNativeTarget "BridgeMC2-MC3" */;
			buildPhases = (
				66B098BF20F76EEA00C2058A /* Sources */,
				66B098C020F76EEA00C2058A /* Frameworks */,
				66B098C120F76EEA00C2058A /* Resources */,
			);
			buildRules = (
			);
			dependencies = (
			);
			name = "BridgeMC2-MC3";
			productName = "BridgeMC2-MC3";
			productReference = 66B098C320F76EEA00C2058A /* BridgeMC2-MC3.app */;
			productType = "com.apple.product-type.application";
		};
		66B098D920F76EEB00C2058A /* BridgeMC2-MC3Tests */ = {
			isa = PBXNativeTarget;
			buildConfigurationList = 66B098F120F76EEB00C2058A /* Build configuration list for PBXNativeTarget "BridgeMC2-MC3Tests" */;
			buildPhases = (
				66B098D620F76EEB00C2058A /* Sources */,
				66B098D720F76EEB00C2058A /* Frameworks */,
				66B098D820F76EEB00C2058A /* Resources */,
			);
			buildRules = (
			);
			dependencies = (
				66B098DC20F76EEB00C2058A /* PBXTargetDependency */,
			);
			name = "BridgeMC2-MC3Tests";
			productName = "BridgeMC2-MC3Tests";
			productReference = 66B098DA20F76EEB00C2058A /* BridgeMC2-MC3Tests.xctest */;
			productType = "com.apple.product-type.bundle.unit-test";
		};
		66B098E420F76EEB00C2058A /* BridgeMC2-MC3UITests */ = {
			isa = PBXNativeTarget;
			buildConfigurationList = 66B098F420F76EEB00C2058A /* Build configuration list for PBXNativeTarget "BridgeMC2-MC3UITests" */;
			buildPhases = (
				66B098E120F76EEB00C2058A /* Sources */,
				66B098E220F76EEB00C2058A /* Frameworks */,
				66B098E320F76EEB00C2058A /* Resources */,
			);
			buildRules = (
			);
			dependencies = (
				66B098E720F76EEB00C2058A /* PBXTargetDependency */,
			);
			name = "BridgeMC2-MC3UITests";
			productName = "BridgeMC2-MC3UITests";
			productReference = 66B098E520F76EEB00C2058A /* BridgeMC2-MC3UITests.xctest */;
			productType = "com.apple.product-type.bundle.ui-testing";
		};
/* End PBXNativeTarget section */

/* Begin PBXProject section */
		66B098BB20F76EEA00C2058A /* Project object */ = {
			isa = PBXProject;
			attributes = {
				LastSwiftUpdateCheck = 0940;
				LastUpgradeCheck = 0940;
				ORGANIZATIONNAME = "Yosua Hoo";
				TargetAttributes = {
					66B098C220F76EEA00C2058A = {
						CreatedOnToolsVersion = 9.4.1;
					};
					66B098D920F76EEB00C2058A = {
						CreatedOnToolsVersion = 9.4.1;
						TestTargetID = 66B098C220F76EEA00C2058A;
					};
					66B098E420F76EEB00C2058A = {
						CreatedOnToolsVersion = 9.4.1;
						TestTargetID = 66B098C220F76EEA00C2058A;
					};
				};
			};
			buildConfigurationList = 66B098BE20F76EEA00C2058A /* Build configuration list for PBXProject "BridgeMC2-MC3" */;
			compatibilityVersion = "Xcode 9.3";
			developmentRegion = en;
			hasScannedForEncodings = 0;
			knownRegions = (
				en,
				Base,
			);
			mainGroup = 66B098BA20F76EEA00C2058A;
			productRefGroup = 66B098C420F76EEA00C2058A /* Products */;
			projectDirPath = "";
			projectRoot = "";
			targets = (
				66B098C220F76EEA00C2058A /* BridgeMC2-MC3 */,
				66B098D920F76EEB00C2058A /* BridgeMC2-MC3Tests */,
				66B098E420F76EEB00C2058A /* BridgeMC2-MC3UITests */,
			);
		};
/* End PBXProject section */

/* Begin PBXResourcesBuildPhase section */
		66B098C120F76EEA00C2058A /* Resources */ = {
			isa = PBXResourcesBuildPhase;
			buildActionMask = 2147483647;
			files = (
				66B098D420F76EEB00C2058A /* LaunchScreen.storyboard in Resources */,
				66B098D120F76EEB00C2058A /* Assets.xcassets in Resources */,
				66B098CC20F76EEA00C2058A /* Main.storyboard in Resources */,
			);
			runOnlyForDeploymentPostprocessing = 0;
		};
		66B098D820F76EEB00C2058A /* Resources */ = {
			isa = PBXResourcesBuildPhase;
			buildActionMask = 2147483647;
			files = (
			);
			runOnlyForDeploymentPostprocessing = 0;
		};
		66B098E320F76EEB00C2058A /* Resources */ = {
			isa = PBXResourcesBuildPhase;
			buildActionMask = 2147483647;
			files = (
			);
			runOnlyForDeploymentPostprocessing = 0;
		};
/* End PBXResourcesBuildPhase section */

/* Begin PBXSourcesBuildPhase section */
		66B098BF20F76EEA00C2058A /* Sources */ = {
			isa = PBXSourcesBuildPhase;
			buildActionMask = 2147483647;
			files = (
				66B098C920F76EEA00C2058A /* ViewController.swift in Sources */,
				66B098CF20F76EEA00C2058A /* BridgeMC2_MC3.xcdatamodeld in Sources */,
				66B098C720F76EEA00C2058A /* AppDelegate.swift in Sources */,
			);
			runOnlyForDeploymentPostprocessing = 0;
		};
		66B098D620F76EEB00C2058A /* Sources */ = {
			isa = PBXSourcesBuildPhase;
			buildActionMask = 2147483647;
			files = (
				66B098DF20F76EEB00C2058A /* BridgeMC2_MC3Tests.swift in Sources */,
			);
			runOnlyForDeploymentPostprocessing = 0;
		};
		66B098E120F76EEB00C2058A /* Sources */ = {
			isa = PBXSourcesBuildPhase;
			buildActionMask = 2147483647;
			files = (
				66B098EA20F76EEB00C2058A /* BridgeMC2_MC3UITests.swift in Sources */,
			);
			runOnlyForDeploymentPostprocessing = 0;
		};
/* End PBXSourcesBuildPhase section */

/* Begin PBXTargetDependency section */
		66B098DC20F76EEB00C2058A /* PBXTargetDependency */ = {
			isa = PBXTargetDependency;
			target = 66B098C220F76EEA00C2058A /* BridgeMC2-MC3 */;
			targetProxy = 66B098DB20F76EEB00C2058A /* PBXContainerItemProxy */;
		};
		66B098E720F76EEB00C2058A /* PBXTargetDependency */ = {
			isa = PBXTargetDependency;
			target = 66B098C220F76EEA00C2058A /* BridgeMC2-MC3 */;
			targetProxy = 66B098E620F76EEB00C2058A /* PBXContainerItemProxy */;
		};
/* End PBXTargetDependency section */

/* Begin PBXVariantGroup section */
		66B098CA20F76EEA00C2058A /* Main.storyboard */ = {
			isa = PBXVariantGroup;
			children = (
				66B098CB20F76EEA00C2058A /* Base */,
			);
			name = Main.storyboard;
			sourceTree = "<group>";
		};
		66B098D220F76EEB00C2058A /* LaunchScreen.storyboard */ = {
			isa = PBXVariantGroup;
			children = (
				66B098D320F76EEB00C2058A /* Base */,
			);
			name = LaunchScreen.storyboard;
			sourceTree = "<group>";
		};
/* End PBXVariantGroup section */

/* Begin XCBuildConfiguration section */
		66B098EC20F76EEB00C2058A /* Debug */ = {
			isa = XCBuildConfiguration;
			buildSettings = {
				ALWAYS_SEARCH_USER_PATHS = NO;
				CLANG_ANALYZER_NONNULL = YES;
				CLANG_ANALYZER_NUMBER_OBJECT_CONVERSION = YES_AGGRESSIVE;
				CLANG_CXX_LANGUAGE_STANDARD = "gnu++14";
				CLANG_CXX_LIBRARY = "libc++";
				CLANG_ENABLE_MODULES = YES;
				CLANG_ENABLE_OBJC_ARC = YES;
				CLANG_ENABLE_OBJC_WEAK = YES;
				CLANG_WARN_BLOCK_CAPTURE_AUTORELEASING = YES;
				CLANG_WARN_BOOL_CONVERSION = YES;
				CLANG_WARN_COMMA = YES;
				CLANG_WARN_CONSTANT_CONVERSION = YES;
				CLANG_WARN_DEPRECATED_OBJC_IMPLEMENTATIONS = YES;
				CLANG_WARN_DIRECT_OBJC_ISA_USAGE = YES_ERROR;
				CLANG_WARN_DOCUMENTATION_COMMENTS = YES;
				CLANG_WARN_EMPTY_BODY = YES;
				CLANG_WARN_ENUM_CONVERSION = YES;
				CLANG_WARN_INFINITE_RECURSION = YES;
				CLANG_WARN_INT_CONVERSION = YES;
				CLANG_WARN_NON_LITERAL_NULL_CONVERSION = YES;
				CLANG_WARN_OBJC_IMPLICIT_RETAIN_SELF = YES;
				CLANG_WARN_OBJC_LITERAL_CONVERSION = YES;
				CLANG_WARN_OBJC_ROOT_CLASS = YES_ERROR;
				CLANG_WARN_RANGE_LOOP_ANALYSIS = YES;
				CLANG_WARN_STRICT_PROTOTYPES = YES;
				CLANG_WARN_SUSPICIOUS_MOVE = YES;
				CLANG_WARN_UNGUARDED_AVAILABILITY = YES_AGGRESSIVE;
				CLANG_WARN_UNREACHABLE_CODE = YES;
				CLANG_WARN__DUPLICATE_METHOD_MATCH = YES;
				CODE_SIGN_IDENTITY = "iPhone Developer";
				COPY_PHASE_STRIP = NO;
				DEBUG_INFORMATION_FORMAT = dwarf;
				ENABLE_STRICT_OBJC_MSGSEND = YES;
				ENABLE_TESTABILITY = YES;
				GCC_C_LANGUAGE_STANDARD = gnu11;
				GCC_DYNAMIC_NO_PIC = NO;
				GCC_NO_COMMON_BLOCKS = YES;
				GCC_OPTIMIZATION_LEVEL = 0;
				GCC_PREPROCESSOR_DEFINITIONS = (
					"DEBUG=1",
					"$(inherited)",
				);
				GCC_WARN_64_TO_32_BIT_CONVERSION = YES;
				GCC_WARN_ABOUT_RETURN_TYPE = YES_ERROR;
				GCC_WARN_UNDECLARED_SELECTOR = YES;
				GCC_WARN_UNINITIALIZED_AUTOS = YES_AGGRESSIVE;
				GCC_WARN_UNUSED_FUNCTION = YES;
				GCC_WARN_UNUSED_VARIABLE = YES;
				IPHONEOS_DEPLOYMENT_TARGET = 11.4;
				MTL_ENABLE_DEBUG_INFO = YES;
				ONLY_ACTIVE_ARCH = YES;
				SDKROOT = iphoneos;
				SWIFT_ACTIVE_COMPILATION_CONDITIONS = DEBUG;
				SWIFT_OPTIMIZATION_LEVEL = "-Onone";
			};
			name = Debug;
		};
		66B098ED20F76EEB00C2058A /* Release */ = {
			isa = XCBuildConfiguration;
			buildSettings = {
				ALWAYS_SEARCH_USER_PATHS = NO;
				CLANG_ANALYZER_NONNULL = YES;
				CLANG_ANALYZER_NUMBER_OBJECT_CONVERSION = YES_AGGRESSIVE;
				CLANG_CXX_LANGUAGE_STANDARD = "gnu++14";
				CLANG_CXX_LIBRARY = "libc++";
				CLANG_ENABLE_MODULES = YES;
				CLANG_ENABLE_OBJC_ARC = YES;
				CLANG_ENABLE_OBJC_WEAK = YES;
				CLANG_WARN_BLOCK_CAPTURE_AUTORELEASING = YES;
				CLANG_WARN_BOOL_CONVERSION = YES;
				CLANG_WARN_COMMA = YES;
				CLANG_WARN_CONSTANT_CONVERSION = YES;
				CLANG_WARN_DEPRECATED_OBJC_IMPLEMENTATIONS = YES;
				CLANG_WARN_DIRECT_OBJC_ISA_USAGE = YES_ERROR;
				CLANG_WARN_DOCUMENTATION_COMMENTS = YES;
				CLANG_WARN_EMPTY_BODY = YES;
				CLANG_WARN_ENUM_CONVERSION = YES;
				CLANG_WARN_INFINITE_RECURSION = YES;
				CLANG_WARN_INT_CONVERSION = YES;
				CLANG_WARN_NON_LITERAL_NULL_CONVERSION = YES;
				CLANG_WARN_OBJC_IMPLICIT_RETAIN_SELF = YES;
				CLANG_WARN_OBJC_LITERAL_CONVERSION = YES;
				CLANG_WARN_OBJC_ROOT_CLASS = YES_ERROR;
				CLANG_WARN_RANGE_LOOP_ANALYSIS = YES;
				CLANG_WARN_STRICT_PROTOTYPES = YES;
				CLANG_WARN_SUSPICIOUS_MOVE = YES;
				CLANG_WARN_UNGUARDED_AVAILABILITY = YES_AGGRESSIVE;
				CLANG_WARN_UNREACHABLE_CODE = YES;
				CLANG_WARN__DUPLICATE_METHOD_MATCH = YES;
				CODE_SIGN_IDENTITY = "iPhone Developer";
				COPY_PHASE_STRIP = NO;
				DEBUG_INFORMATION_FORMAT = "dwarf-with-dsym";
				ENABLE_NS_ASSERTIONS = NO;
				ENABLE_STRICT_OBJC_MSGSEND = YES;
				GCC_C_LANGUAGE_STANDARD = gnu11;
				GCC_NO_COMMON_BLOCKS = YES;
				GCC_WARN_64_TO_32_BIT_CONVERSION = YES;
				GCC_WARN_ABOUT_RETURN_TYPE = YES_ERROR;
				GCC_WARN_UNDECLARED_SELECTOR = YES;
				GCC_WARN_UNINITIALIZED_AUTOS = YES_AGGRESSIVE;
				GCC_WARN_UNUSED_FUNCTION = YES;
				GCC_WARN_UNUSED_VARIABLE = YES;
				IPHONEOS_DEPLOYMENT_TARGET = 11.4;
				MTL_ENABLE_DEBUG_INFO = NO;
				SDKROOT = iphoneos;
				SWIFT_COMPILATION_MODE = wholemodule;
				SWIFT_OPTIMIZATION_LEVEL = "-O";
				VALIDATE_PRODUCT = YES;
			};
			name = Release;
		};
		66B098EF20F76EEB00C2058A /* Debug */ = {
			isa = XCBuildConfiguration;
			buildSettings = {
				ASSETCATALOG_COMPILER_APPICON_NAME = AppIcon;
				CODE_SIGN_STYLE = Automatic;
				DEVELOPMENT_TEAM = 3ZHR6JDHY4;
				INFOPLIST_FILE = "BridgeMC2-MC3/Info.plist";
				LD_RUNPATH_SEARCH_PATHS = (
					"$(inherited)",
					"@executable_path/Frameworks",
				);
				PRODUCT_BUNDLE_IDENTIFIER = "mrhoo.BridgeMC2-MC3";
				PRODUCT_NAME = "$(TARGET_NAME)";
				SWIFT_VERSION = 4.0;
				TARGETED_DEVICE_FAMILY = "1,2";
			};
			name = Debug;
		};
		66B098F020F76EEB00C2058A /* Release */ = {
			isa = XCBuildConfiguration;
			buildSettings = {
				ASSETCATALOG_COMPILER_APPICON_NAME = AppIcon;
				CODE_SIGN_STYLE = Automatic;
				DEVELOPMENT_TEAM = 3ZHR6JDHY4;
				INFOPLIST_FILE = "BridgeMC2-MC3/Info.plist";
				LD_RUNPATH_SEARCH_PATHS = (
					"$(inherited)",
					"@executable_path/Frameworks",
				);
				PRODUCT_BUNDLE_IDENTIFIER = "mrhoo.BridgeMC2-MC3";
				PRODUCT_NAME = "$(TARGET_NAME)";
				SWIFT_VERSION = 4.0;
				TARGETED_DEVICE_FAMILY = "1,2";
			};
			name = Release;
		};
		66B098F220F76EEB00C2058A /* Debug */ = {
			isa = XCBuildConfiguration;
			buildSettings = {
				ALWAYS_EMBED_SWIFT_STANDARD_LIBRARIES = YES;
				BUNDLE_LOADER = "$(TEST_HOST)";
				CODE_SIGN_STYLE = Automatic;
				DEVELOPMENT_TEAM = 3ZHR6JDHY4;
				INFOPLIST_FILE = "BridgeMC2-MC3Tests/Info.plist";
				LD_RUNPATH_SEARCH_PATHS = (
					"$(inherited)",
					"@executable_path/Frameworks",
					"@loader_path/Frameworks",
				);
				PRODUCT_BUNDLE_IDENTIFIER = "mrhoo.BridgeMC2-MC3Tests";
				PRODUCT_NAME = "$(TARGET_NAME)";
				SWIFT_VERSION = 4.0;
				TARGETED_DEVICE_FAMILY = "1,2";
				TEST_HOST = "$(BUILT_PRODUCTS_DIR)/BridgeMC2-MC3.app/BridgeMC2-MC3";
			};
			name = Debug;
		};
		66B098F320F76EEB00C2058A /* Release */ = {
			isa = XCBuildConfiguration;
			buildSettings = {
				ALWAYS_EMBED_SWIFT_STANDARD_LIBRARIES = YES;
				BUNDLE_LOADER = "$(TEST_HOST)";
				CODE_SIGN_STYLE = Automatic;
				DEVELOPMENT_TEAM = 3ZHR6JDHY4;
				INFOPLIST_FILE = "BridgeMC2-MC3Tests/Info.plist";
				LD_RUNPATH_SEARCH_PATHS = (
					"$(inherited)",
					"@executable_path/Frameworks",
					"@loader_path/Frameworks",
				);
				PRODUCT_BUNDLE_IDENTIFIER = "mrhoo.BridgeMC2-MC3Tests";
				PRODUCT_NAME = "$(TARGET_NAME)";
				SWIFT_VERSION = 4.0;
				TARGETED_DEVICE_FAMILY = "1,2";
				TEST_HOST = "$(BUILT_PRODUCTS_DIR)/BridgeMC2-MC3.app/BridgeMC2-MC3";
			};
			name = Release;
		};
		66B098F520F76EEB00C2058A /* Debug */ = {
			isa = XCBuildConfiguration;
			buildSettings = {
				ALWAYS_EMBED_SWIFT_STANDARD_LIBRARIES = YES;
				CODE_SIGN_STYLE = Automatic;
				DEVELOPMENT_TEAM = 3ZHR6JDHY4;
				INFOPLIST_FILE = "BridgeMC2-MC3UITests/Info.plist";
				LD_RUNPATH_SEARCH_PATHS = (
					"$(inherited)",
					"@executable_path/Frameworks",
					"@loader_path/Frameworks",
				);
				PRODUCT_BUNDLE_IDENTIFIER = "mrhoo.BridgeMC2-MC3UITests";
				PRODUCT_NAME = "$(TARGET_NAME)";
				SWIFT_VERSION = 4.0;
				TARGETED_DEVICE_FAMILY = "1,2";
				TEST_TARGET_NAME = "BridgeMC2-MC3";
			};
			name = Debug;
		};
		66B098F620F76EEB00C2058A /* Release */ = {
			isa = XCBuildConfiguration;
			buildSettings = {
				ALWAYS_EMBED_SWIFT_STANDARD_LIBRARIES = YES;
				CODE_SIGN_STYLE = Automatic;
				DEVELOPMENT_TEAM = 3ZHR6JDHY4;
				INFOPLIST_FILE = "BridgeMC2-MC3UITests/Info.plist";
				LD_RUNPATH_SEARCH_PATHS = (
					"$(inherited)",
					"@executable_path/Frameworks",
					"@loader_path/Frameworks",
				);
				PRODUCT_BUNDLE_IDENTIFIER = "mrhoo.BridgeMC2-MC3UITests";
				PRODUCT_NAME = "$(TARGET_NAME)";
				SWIFT_VERSION = 4.0;
				TARGETED_DEVICE_FAMILY = "1,2";
				TEST_TARGET_NAME = "BridgeMC2-MC3";
			};
			name = Release;
		};
/* End XCBuildConfiguration section */

/* Begin XCConfigurationList section */
		66B098BE20F76EEA00C2058A /* Build configuration list for PBXProject "BridgeMC2-MC3" */ = {
			isa = XCConfigurationList;
			buildConfigurations = (
				66B098EC20F76EEB00C2058A /* Debug */,
				66B098ED20F76EEB00C2058A /* Release */,
			);
			defaultConfigurationIsVisible = 0;
			defaultConfigurationName = Release;
		};
		66B098EE20F76EEB00C2058A /* Build configuration list for PBXNativeTarget "BridgeMC2-MC3" */ = {
			isa = XCConfigurationList;
			buildConfigurations = (
				66B098EF20F76EEB00C2058A /* Debug */,
				66B098F020F76EEB00C2058A /* Release */,
			);
			defaultConfigurationIsVisible = 0;
			defaultConfigurationName = Release;
		};
		66B098F120F76EEB00C2058A /* Build configuration list for PBXNativeTarget "BridgeMC2-MC3Tests" */ = {
			isa = XCConfigurationList;
			buildConfigurations = (
				66B098F220F76EEB00C2058A /* Debug */,
				66B098F320F76EEB00C2058A /* Release */,
			);
			defaultConfigurationIsVisible = 0;
			defaultConfigurationName = Release;
		};
		66B098F420F76EEB00C2058A /* Build configuration list for PBXNativeTarget "BridgeMC2-MC3UITests" */ = {
			isa = XCConfigurationList;
			buildConfigurations = (
				66B098F520F76EEB00C2058A /* Debug */,
				66B098F620F76EEB00C2058A /* Release */,
			);
			defaultConfigurationIsVisible = 0;
			defaultConfigurationName = Release;
		};
/* End XCConfigurationList section */

/* Begin XCVersionGroup section */
		66B098CD20F76EEA00C2058A /* BridgeMC2_MC3.xcdatamodeld */ = {
			isa = XCVersionGroup;
			children = (
				66B098CE20F76EEA00C2058A /* BridgeMC2_MC3.xcdatamodel */,
			);
			currentVersion = 66B098CE20F76EEA00C2058A /* BridgeMC2_MC3.xcdatamodel */;
			path = BridgeMC2_MC3.xcdatamodeld;
			sourceTree = "<group>";
			versionGroupType = wrapper.xcdatamodel;
		};
/* End XCVersionGroup section */
	};
	rootObject = 66B098BB20F76EEA00C2058A /* Project object */;
}
